
Microsoft Visual Studio Solution File, Format Version 12.00
# Visual Studio Version 17
VisualStudioVersion = 17.12.35527.113
MinimumVisualStudioVersion = 10.0.40219.1
Project("{FAE04EC0-301F-11D3-BF4B-00C04F79EFBC}") = "CsharEğitimKampı301.EntityLayer", "CsharEğitimKampı301.EntityLayer\CsharEğitimKampı301.EntityLayer.csproj", "{9D077DAB-6465-438B-A0E1-68DECD28791C}"
EndProject
Project("{FAE04EC0-301F-11D3-BF4B-00C04F79EFBC}") = "CsharEğitimKampı301.DataAccessLayer", "CsharEğitimKampı301.DataAccessLayer\CsharEğitimKampı301.DataAccessLayer.csproj", "{D3AF911F-6289-421E-B22A-1F5F740DF096}"
EndProject
Project("{FAE04EC0-301F-11D3-BF4B-00C04F79EFBC}") = "CsharEğitimKampı301.BussinessLayer", "CsharEğitimKampı301.BussinessLayer\CsharEğitimKampı301.BussinessLayer.csproj", "{3B34ECAC-710C-4CF3-8923-F945DC9A6C02}"
EndProject
Project("{FAE04EC0-301F-11D3-BF4B-00C04F79EFBC}") = "CsharEğitimKampı301.EfProjec", "CsharEğitimKampı301.EfProjec\CsharEğitimKampı301.EfProjec.csproj", "{469CEB16-F81A-4969-B8B1-9B935E8DB1BE}"
EndProject
Project("{FAE04EC0-301F-11D3-BF4B-00C04F79EFBC}") = "CSharpEgitimKampi301.PresentationLayer", "CSharpEgitimKampi301.PresentationLayer\CSharpEgitimKampi301.PresentationLayer.csproj", "{BACBFE5F-B41B-4463-AA91-0AD0DAE6137F}"
EndProject
Global
	GlobalSection(SolutionConfigurationPlatforms) = preSolution
		Debug|Any CPU = Debug|Any CPU
		Release|Any CPU = Release|Any CPU
	EndGlobalSection
	GlobalSection(ProjectConfigurationPlatforms) = postSolution
		{9D077DAB-6465-438B-A0E1-68DECD28791C}.Debug|Any CPU.ActiveCfg = Debug|Any CPU
		{9D077DAB-6465-438B-A0E1-68DECD28791C}.Debug|Any CPU.Build.0 = Debug|Any CPU
		{9D077DAB-6465-438B-A0E1-68DECD28791C}.Release|Any CPU.ActiveCfg = Release|Any CPU
		{9D077DAB-6465-438B-A0E1-68DECD28791C}.Release|Any CPU.Build.0 = Release|Any CPU
		{D3AF911F-6289-421E-B22A-1F5F740DF096}.Debug|Any CPU.ActiveCfg = Debug|Any CPU
		{D3AF911F-6289-421E-B22A-1F5F740DF096}.Debug|Any CPU.Build.0 = Debug|Any CPU
		{D3AF911F-6289-421E-B22A-1F5F740DF096}.Release|Any CPU.ActiveCfg = Release|Any CPU
		{D3AF911F-6289-421E-B22A-1F5F740DF096}.Release|Any CPU.Build.0 = Release|Any CPU
		{3B34ECAC-710C-4CF3-8923-F945DC9A6C02}.Debug|Any CPU.ActiveCfg = Debug|Any CPU
		{3B34ECAC-710C-4CF3-8923-F945DC9A6C02}.Debug|Any CPU.Build.0 = Debug|Any CPU
		{3B34ECAC-710C-4CF3-8923-F945DC9A6C02}.Release|Any CPU.ActiveCfg = Release|Any CPU
		{3B34ECAC-710C-4CF3-8923-F945DC9A6C02}.Release|Any CPU.Build.0 = Release|Any CPU
		{469CEB16-F81A-4969-B8B1-9B935E8DB1BE}.Debug|Any CPU.ActiveCfg = Debug|Any CPU
		{469CEB16-F81A-4969-B8B1-9B935E8DB1BE}.Debug|Any CPU.Build.0 = Debug|Any CPU
		{469CEB16-F81A-4969-B8B1-9B935E8DB1BE}.Release|Any CPU.ActiveCfg = Release|Any CPU
		{469CEB16-F81A-4969-B8B1-9B935E8DB1BE}.Release|Any CPU.Build.0 = Release|Any CPU
		{BACBFE5F-B41B-4463-AA91-0AD0DAE6137F}.Debug|Any CPU.ActiveCfg = Debug|Any CPU
		{BACBFE5F-B41B-4463-AA91-0AD0DAE6137F}.Debug|Any CPU.Build.0 = Debug|Any CPU
		{BACBFE5F-B41B-4463-AA91-0AD0DAE6137F}.Release|Any CPU.ActiveCfg = Release|Any CPU
		{BACBFE5F-B41B-4463-AA91-0AD0DAE6137F}.Release|Any CPU.Build.0 = Release|Any CPU
	EndGlobalSection
	GlobalSection(SolutionProperties) = preSolution
		HideSolutionNode = FALSE
	EndGlobalSection
EndGlobal
